// !$*UTF8*$!
{
	archiveVersion = 1;
	classes = {
	};
	objectVersion = 77;
	objects = {

/* Begin PBXBuildFile section */
		A20100000000000000000001 /* SymphonyUITestCase.swift in Sources */ = {isa = PBXBuildFile; fileRef = A20200000000000000000001 /* SymphonyUITestCase.swift */; };
		A20100000000000000000002 /* SymphonyUITestAccessibilityHelpers.swift in Sources */ = {isa = PBXBuildFile; fileRef = A20200000000000000000002 /* SymphonyUITestAccessibilityHelpers.swift */; };
		A20100000000000000000003 /* NavigationUITests.swift in Sources */ = {isa = PBXBuildFile; fileRef = A20200000000000000000003 /* NavigationUITests.swift */; };
		A20100000000000000000004 /* RichMediaAndValidationUITests.swift in Sources */ = {isa = PBXBuildFile; fileRef = A20200000000000000000004 /* RichMediaAndValidationUITests.swift */; };
		22BB33CC44DD55EE66FF77AA /* main.swift in Sources */ = {isa = PBXBuildFile; fileRef = 77AA88BB99CC00DD11EE22FF /* main.swift */; };
		33CC44DD55EE66FF77AA88BB /* SymphonyServer in Frameworks */ = {isa = PBXBuildFile; productRef = 2233445566778899AABBCCDD /* SymphonyServer */; };
		3DD44EE55FF66778899AABB /* SymphonyServerCore in Frameworks */ = {isa = PBXBuildFile; productRef = 55AA66BB77CC88DD99EE00FF /* SymphonyServerCore */; };
		44DD55EE66FF77AA88BB99CC /* SymphonyLocalServerHelper in Embed Local Server Helper */ = {isa = PBXBuildFile; fileRef = 88BB99CC00DD11EE22FF33AA /* SymphonyLocalServerHelper */; settings = {ATTRIBUTES = (CodeSignOnCopy, ); }; };
		7F6E325ACB967DFC0D24F8B5 /* SymphonyShared in Frameworks */ = {isa = PBXBuildFile; productRef = 5B1CD12A22B7B5FFEAA78774 /* SymphonyShared */; };
		84CDF85991F873055D37432D /* SymphonyShared in Frameworks */ = {isa = PBXBuildFile; productRef = C54C30BB7AB11734C99F6D60 /* SymphonyShared */; };
		A10100000000000000000020 /* XcodeValidationGalleryApp.swift in Sources */ = {isa = PBXBuildFile; fileRef = A10100000000000000000001 /* XcodeValidationGalleryApp.swift */; };
		A10100000000000000000021 /* SymphonyValidationGallery in Frameworks */ = {isa = PBXBuildFile; productRef = A10100000000000000000090 /* SymphonyValidationGallery */; };
		A10100000000000000000022 /* XcodeValidationGalleryAppUITests.swift in Sources */ = {isa = PBXBuildFile; fileRef = A10100000000000000000003 /* XcodeValidationGalleryAppUITests.swift */; };
		A10100000000000000000023 /* XcodeValidationGalleryBootstrap.swift in Sources */ = {isa = PBXBuildFile; fileRef = A10100000000000000000005 /* XcodeValidationGalleryBootstrap.swift */; };
		A10100000000000000000024 /* XcodeValidationGalleryAppBootstrapTests.swift in Sources */ = {isa = PBXBuildFile; fileRef = A10100000000000000000006 /* XcodeValidationGalleryAppBootstrapTests.swift */; };
		A10100000000000000000025 /* SymphonyValidationGallery in Frameworks */ = {isa = PBXBuildFile; productRef = A10100000000000000000091 /* SymphonyValidationGallery */; };
		A101000000000000000000A1 /* XcodeValidationGalleryExport.swift in Sources */ = {isa = PBXBuildFile; fileRef = A101000000000000000000A0 /* XcodeValidationGalleryExport.swift */; };
		A101000000000000000000A3 /* XcodeValidationGalleryExportSheet.swift in Sources */ = {isa = PBXBuildFile; fileRef = A101000000000000000000A2 /* XcodeValidationGalleryExportSheet.swift */; };
		A101000000000000000000A5 /* XcodeValidationGalleryCommentAndExportUITests.swift in Sources */ = {isa = PBXBuildFile; fileRef = A101000000000000000000A4 /* XcodeValidationGalleryCommentAndExportUITests.swift */; };
		A101000000000000000000A7 /* XcodeValidationGalleryUITestAssertHelpers.swift in Sources */ = {isa = PBXBuildFile; fileRef = A101000000000000000000A6 /* XcodeValidationGalleryUITestAssertHelpers.swift */; };
		A101000000000000000000A9 /* XcodeValidationGalleryUITestNavigationHelpers.swift in Sources */ = {isa = PBXBuildFile; fileRef = A101000000000000000000A8 /* XcodeValidationGalleryUITestNavigationHelpers.swift */; };
		A101000000000000000000AB /* XcodeValidationGalleryUITestCommentHelpers.swift in Sources */ = {isa = PBXBuildFile; fileRef = A101000000000000000000AA /* XcodeValidationGalleryUITestCommentHelpers.swift */; };
		A101000000000000000000B1 /* XcodeValidationGalleryRunnerUITests.swift in Sources */ = {isa = PBXBuildFile; fileRef = A101000000000000000000B0 /* XcodeValidationGalleryRunnerUITests.swift */; };
		A5EB66BF435A82DF797E81AF /* SymphonyShared in Frameworks */ = {isa = PBXBuildFile; productRef = 4C68215C3CE80F18F246B0B0 /* SymphonyShared */; };
		C45294D9DCCA2247107643E5 /* SymphonyShared in Frameworks */ = {isa = PBXBuildFile; productRef = FDBDF0E5C31E95A6CDEB61F2 /* SymphonyShared */; };
/* End PBXBuildFile section */

/* Begin PBXContainerItemProxy section */
		55EE66FF77AA88BB99CC00DD /* PBXContainerItemProxy */ = {
			isa = PBXContainerItemProxy;
			containerPortal = D4106BBA2672AB3F9DA74F38 /* Project object */;
			proxyType = 1;
			remoteGlobalIDString = BBCCDDEEFF00112233445566;
			remoteInfo = SymphonyLocalServerHelper;
		};
		AB8650FE4D4512ED4E736D60 /* PBXContainerItemProxy */ = {
			isa = PBXContainerItemProxy;
			containerPortal = D4106BBA2672AB3F9DA74F38 /* Project object */;
			proxyType = 1;
			remoteGlobalIDString = 2299CB2884BEEF9AA816D6F8;
			remoteInfo = SymphonySwiftUIApp;
		};
		C06066C147D616984F81FD92 /* PBXContainerItemProxy */ = {
			isa = PBXContainerItemProxy;
			containerPortal = D4106BBA2672AB3F9DA74F38 /* Project object */;
			proxyType = 1;
			remoteGlobalIDString = 2299CB2884BEEF9AA816D6F8;
			remoteInfo = SymphonySwiftUIApp;
		};
		A10100000000000000000030 /* PBXContainerItemProxy */ = {
			isa = PBXContainerItemProxy;
			containerPortal = D4106BBA2672AB3F9DA74F38 /* Project object */;
			proxyType = 1;
			remoteGlobalIDString = A10100000000000000000060;
			remoteInfo = XcodeValidationGalleryApp;
		};
		A10100000000000000000032 /* PBXContainerItemProxy */ = {
			isa = PBXContainerItemProxy;
			containerPortal = D4106BBA2672AB3F9DA74F38 /* Project object */;
			proxyType = 1;
			remoteGlobalIDString = A10100000000000000000060;
			remoteInfo = XcodeValidationGalleryApp;
		};
/* End PBXContainerItemProxy section */

/* Begin PBXFileReference section */
		706D16BB2EDD06B285EE65B4 /* SymphonySwiftUIAppUITests.xctest */ = {isa = PBXFileReference; includeInIndex = 0; lastKnownFileType = wrapper.cfbundle; path = SymphonySwiftUIAppUITests.xctest; sourceTree = BUILT_PRODUCTS_DIR; };
		77AA88BB99CC00DD11EE22FF /* main.swift */ = {isa = PBXFileReference; lastKnownFileType = sourcecode.swift; path = main.swift; sourceTree = "<group>"; };
		88BB99CC00DD11EE22FF33AA /* SymphonyLocalServerHelper */ = {isa = PBXFileReference; explicitFileType = "compiled.mach-o.executable"; includeInIndex = 0; path = SymphonyLocalServerHelper; sourceTree = BUILT_PRODUCTS_DIR; };
		97B3808013853F93DBBD1B9A /* SymphonySwiftUIAppTests.xctest */ = {isa = PBXFileReference; includeInIndex = 0; lastKnownFileType = wrapper.cfbundle; path = SymphonySwiftUIAppTests.xctest; sourceTree = BUILT_PRODUCTS_DIR; };
		A10100000000000000000001 /* XcodeValidationGalleryApp.swift */ = {isa = PBXFileReference; lastKnownFileType = sourcecode.swift; path = XcodeValidationGalleryApp.swift; sourceTree = "<group>"; };
		A10100000000000000000002 /* XcodeValidationGallery.app */ = {isa = PBXFileReference; includeInIndex = 0; lastKnownFileType = wrapper.application; path = XcodeValidationGallery.app; sourceTree = BUILT_PRODUCTS_DIR; };
		A10100000000000000000003 /* XcodeValidationGalleryAppUITests.swift */ = {isa = PBXFileReference; lastKnownFileType = sourcecode.swift; path = XcodeValidationGalleryAppUITests.swift; sourceTree = "<group>"; };
		A10100000000000000000004 /* XcodeValidationGalleryAppUITests.xctest */ = {isa = PBXFileReference; includeInIndex = 0; lastKnownFileType = wrapper.cfbundle; path = XcodeValidationGalleryAppUITests.xctest; sourceTree = BUILT_PRODUCTS_DIR; };
		A10100000000000000000005 /* XcodeValidationGalleryBootstrap.swift */ = {isa = PBXFileReference; lastKnownFileType = sourcecode.swift; path = XcodeValidationGalleryBootstrap.swift; sourceTree = "<group>"; };
		A10100000000000000000006 /* XcodeValidationGalleryAppBootstrapTests.swift */ = {isa = PBXFileReference; lastKnownFileType = sourcecode.swift; path = XcodeValidationGalleryAppBootstrapTests.swift; sourceTree = "<group>"; };
		A101000000000000000000A0 /* XcodeValidationGalleryExport.swift */ = {isa = PBXFileReference; lastKnownFileType = sourcecode.swift; path = XcodeValidationGalleryExport.swift; sourceTree = "<group>"; };
		A101000000000000000000A2 /* XcodeValidationGalleryExportSheet.swift */ = {isa = PBXFileReference; lastKnownFileType = sourcecode.swift; path = XcodeValidationGalleryExportSheet.swift; sourceTree = "<group>"; };
		A101000000000000000000A4 /* XcodeValidationGalleryCommentAndExportUITests.swift */ = {isa = PBXFileReference; lastKnownFileType = sourcecode.swift; path = XcodeValidationGalleryCommentAndExportUITests.swift; sourceTree = "<group>"; };
		A101000000000000000000A6 /* XcodeValidationGalleryUITestAssertHelpers.swift */ = {isa = PBXFileReference; lastKnownFileType = sourcecode.swift; path = XcodeValidationGalleryUITestAssertHelpers.swift; sourceTree = "<group>"; };
		A101000000000000000000A8 /* XcodeValidationGalleryUITestNavigationHelpers.swift */ = {isa = PBXFileReference; lastKnownFileType = sourcecode.swift; path = XcodeValidationGalleryUITestNavigationHelpers.swift; sourceTree = "<group>"; };
		A101000000000000000000AA /* XcodeValidationGalleryUITestCommentHelpers.swift */ = {isa = PBXFileReference; lastKnownFileType = sourcecode.swift; path = XcodeValidationGalleryUITestCommentHelpers.swift; sourceTree = "<group>"; };
		A101000000000000000000B0 /* XcodeValidationGalleryRunnerUITests.swift */ = {isa = PBXFileReference; lastKnownFileType = sourcecode.swift; path = XcodeValidationGalleryRunnerUITests.swift; sourceTree = "<group>"; };
		A10100000000000000000007 /* XcodeValidationGalleryAppTests.xctest */ = {isa = PBXFileReference; includeInIndex = 0; lastKnownFileType = wrapper.cfbundle; path = XcodeValidationGalleryAppTests.xctest; sourceTree = BUILT_PRODUCTS_DIR; };
		BB3BDD964B47278C650FADD7 /* Symphony.app */ = {isa = PBXFileReference; includeInIndex = 0; lastKnownFileType = wrapper.application; path = Symphony.app; sourceTree = BUILT_PRODUCTS_DIR; };
		A20200000000000000000001 /* SymphonyUITestCase.swift */ = {isa = PBXFileReference; lastKnownFileType = sourcecode.swift; path = SymphonyUITestCase.swift; sourceTree = "<group>"; };
		A20200000000000000000002 /* SymphonyUITestAccessibilityHelpers.swift */ = {isa = PBXFileReference; lastKnownFileType = sourcecode.swift; path = SymphonyUITestAccessibilityHelpers.swift; sourceTree = "<group>"; };
		A20200000000000000000003 /* NavigationUITests.swift */ = {isa = PBXFileReference; lastKnownFileType = sourcecode.swift; path = NavigationUITests.swift; sourceTree = "<group>"; };
		A20200000000000000000004 /* RichMediaAndValidationUITests.swift */ = {isa = PBXFileReference; lastKnownFileType = sourcecode.swift; path = RichMediaAndValidationUITests.swift; sourceTree = "<group>"; };
		FC72EB26FCE346CEC8C6A5F0 /* symphony-swift */ = {isa = PBXFileReference; lastKnownFileType = folder; name = "symphony-swift"; path = .; sourceTree = SOURCE_ROOT; };
/* End PBXFileReference section */

/* Begin PBXCopyFilesBuildPhase section */
		CCDDEEFF0011223344556677 /* Embed Local Server Helper */ = {
			isa = PBXCopyFilesBuildPhase;
			buildActionMask = 2147483647;
			dstPath = "";
			dstSubfolderSpec = 7;
			files = (
				44DD55EE66FF77AA88BB99CC /* SymphonyLocalServerHelper in Embed Local Server Helper */,
			);
			name = "Embed Local Server Helper";
			runOnlyForDeploymentPostprocessing = 0;
		};
/* End PBXCopyFilesBuildPhase section */

/* Begin PBXFrameworksBuildPhase section */
		6C62CBA0E7D7B4F818C1B908 /* Frameworks */ = {
			isa = PBXFrameworksBuildPhase;
			buildActionMask = 2147483647;
			files = (
				A5EB66BF435A82DF797E81AF /* SymphonyShared in Frameworks */,
			);
			runOnlyForDeploymentPostprocessing = 0;
		};
		74693E0C7D816559CA106716 /* Frameworks */ = {
			isa = PBXFrameworksBuildPhase;
			buildActionMask = 2147483647;
			files = (
				C45294D9DCCA2247107643E5 /* SymphonyShared in Frameworks */,
				84CDF85991F873055D37432D /* SymphonyShared in Frameworks */,
			);
			runOnlyForDeploymentPostprocessing = 0;
		};
		A10100000000000000000040 /* Frameworks */ = {
			isa = PBXFrameworksBuildPhase;
			buildActionMask = 2147483647;
			files = (
				A10100000000000000000021 /* SymphonyValidationGallery in Frameworks */,
			);
			runOnlyForDeploymentPostprocessing = 0;
		};
		A10100000000000000000041 /* Frameworks */ = {
			isa = PBXFrameworksBuildPhase;
			buildActionMask = 2147483647;
			files = (
			);
			runOnlyForDeploymentPostprocessing = 0;
		};
		A10100000000000000000042 /* Frameworks */ = {
			isa = PBXFrameworksBuildPhase;
			buildActionMask = 2147483647;
			files = (
				A10100000000000000000025 /* SymphonyValidationGallery in Frameworks */,
			);
			runOnlyForDeploymentPostprocessing = 0;
		};
		BF8266663C0352E7516D33FF /* Frameworks */ = {
			isa = PBXFrameworksBuildPhase;
			buildActionMask = 2147483647;
			files = (
				3DD44EE55FF66778899AABB /* SymphonyServerCore in Frameworks */,
				7F6E325ACB967DFC0D24F8B5 /* SymphonyShared in Frameworks */,
			);
			runOnlyForDeploymentPostprocessing = 0;
		};
		99CC00DD11EE22FF33AA44BB /* Frameworks */ = {
			isa = PBXFrameworksBuildPhase;
			buildActionMask = 2147483647;
			files = (
				33CC44DD55EE66FF77AA88BB /* SymphonyServer in Frameworks */,
			);
			runOnlyForDeploymentPostprocessing = 0;
		};
/* End PBXFrameworksBuildPhase section */

/* Begin PBXFileSystemSynchronizedRootGroup section */
		E9EBDE2FA6B8050169009581 /* SymphonySwiftUIApp */ = {
			isa = PBXFileSystemSynchronizedRootGroup;
			path = SymphonySwiftUIApp;
			sourceTree = "<group>";
		};
		E55126918B907B93F4719E52 /* SymphonySwiftUIAppTests */ = {
			isa = PBXFileSystemSynchronizedRootGroup;
			path = SymphonySwiftUIAppTests;
			sourceTree = "<group>";
		};
/* End PBXFileSystemSynchronizedRootGroup section */

/* Begin PBXGroup section */
		09E819F80D1870A7F25E53C8 /* Applications */ = {
			isa = PBXGroup;
			children = (
				E9EBDE2FA6B8050169009581 /* SymphonySwiftUIApp */,
				E55126918B907B93F4719E52 /* SymphonySwiftUIAppTests */,
				AABBCCDDEEFF001122334455 /* SymphonyLocalServerHelper */,
				ECA6159E86D40365C55C150F /* SymphonySwiftUIAppUITests */,
				A10100000000000000000010 /* XcodeValidationGalleryApp */,
				A10100000000000000000012 /* XcodeValidationGalleryAppTests */,
				A10100000000000000000011 /* XcodeValidationGalleryAppUITests */,
			);
			path = Applications;
			sourceTree = "<group>";
		};
		56AB32BCB7F7E06B595D254D = {
			isa = PBXGroup;
			children = (
				09E819F80D1870A7F25E53C8 /* Applications */,
				B6D433E99BA0FDDD859BD595 /* Packages */,
				6706755F3E233C2DFA820A85 /* Products */,
			);
			sourceTree = "<group>";
		};
		6706755F3E233C2DFA820A85 /* Products */ = {
			isa = PBXGroup;
			children = (
				BB3BDD964B47278C650FADD7 /* Symphony.app */,
				88BB99CC00DD11EE22FF33AA /* SymphonyLocalServerHelper */,
				97B3808013853F93DBBD1B9A /* SymphonySwiftUIAppTests.xctest */,
				706D16BB2EDD06B285EE65B4 /* SymphonySwiftUIAppUITests.xctest */,
				A10100000000000000000002 /* XcodeValidationGallery.app */,
				A10100000000000000000007 /* XcodeValidationGalleryAppTests.xctest */,
				A10100000000000000000004 /* XcodeValidationGalleryAppUITests.xctest */,
			);
			name = Products;
			sourceTree = "<group>";
		};
		B6D433E99BA0FDDD859BD595 /* Packages */ = {
			isa = PBXGroup;
			children = (
				FC72EB26FCE346CEC8C6A5F0 /* symphony-swift */,
			);
			name = Packages;
			sourceTree = "<group>";
		};
		A10100000000000000000010 /* XcodeValidationGalleryApp */ = {
			isa = PBXGroup;
			children = (
				A10100000000000000000001 /* XcodeValidationGalleryApp.swift */,
				A10100000000000000000005 /* XcodeValidationGalleryBootstrap.swift */,
				A101000000000000000000A0 /* XcodeValidationGalleryExport.swift */,
				A101000000000000000000A2 /* XcodeValidationGalleryExportSheet.swift */,
			);
			path = XcodeValidationGalleryApp;
			sourceTree = "<group>";
		};
		A10100000000000000000012 /* XcodeValidationGalleryAppTests */ = {
			isa = PBXGroup;
			children = (
				A10100000000000000000006 /* XcodeValidationGalleryAppBootstrapTests.swift */,
			);
			path = XcodeValidationGalleryAppTests;
			sourceTree = "<group>";
		};
		A10100000000000000000011 /* XcodeValidationGalleryAppUITests */ = {
			isa = PBXGroup;
			children = (
				A10100000000000000000003 /* XcodeValidationGalleryAppUITests.swift */,
				A101000000000000000000A4 /* XcodeValidationGalleryCommentAndExportUITests.swift */,
				A101000000000000000000A6 /* XcodeValidationGalleryUITestAssertHelpers.swift */,
				A101000000000000000000A8 /* XcodeValidationGalleryUITestNavigationHelpers.swift */,
				A101000000000000000000AA /* XcodeValidationGalleryUITestCommentHelpers.swift */,
				A101000000000000000000B0 /* XcodeValidationGalleryRunnerUITests.swift */,
			);
			path = XcodeValidationGalleryAppUITests;
			sourceTree = "<group>";
		};
		AABBCCDDEEFF001122334455 /* SymphonyLocalServerHelper */ = {
			isa = PBXGroup;
			children = (
				77AA88BB99CC00DD11EE22FF /* main.swift */,
			);
			path = SymphonyLocalServerHelper;
			sourceTree = "<group>";
		};
		ECA6159E86D40365C55C150F /* SymphonySwiftUIAppUITests */ = {
			isa = PBXGroup;
			children = (
				A20200000000000000000001 /* SymphonyUITestCase.swift */,
				A20200000000000000000002 /* SymphonyUITestAccessibilityHelpers.swift */,
				A20200000000000000000003 /* NavigationUITests.swift */,
				A20200000000000000000004 /* RichMediaAndValidationUITests.swift */,
			);
			path = SymphonySwiftUIAppUITests;
			sourceTree = "<group>";
		};
/* End PBXGroup section */

/* Begin PBXNativeTarget section */
		0B018AD9F48103DB6D8603F4 /* SymphonySwiftUIAppUITests */ = {
			isa = PBXNativeTarget;
			buildConfigurationList = 978775F3776F0A25435A98CB /* Build configuration list for PBXNativeTarget "SymphonySwiftUIAppUITests" */;
			buildPhases = (
				D9EFB6988FF35D1F473AFD38 /* Sources */,
				6C62CBA0E7D7B4F818C1B908 /* Frameworks */,
			);
			buildRules = (
			);
			dependencies = (
				9974D558463B36AA3C3B5B3B /* PBXTargetDependency */,
			);
			name = SymphonySwiftUIAppUITests;
			packageProductDependencies = (
				4C68215C3CE80F18F246B0B0 /* SymphonyShared */,
			);
			productName = SymphonySwiftUIAppUITests;
			productReference = 706D16BB2EDD06B285EE65B4 /* SymphonySwiftUIAppUITests.xctest */;
			productType = "com.apple.product-type.bundle.ui-testing";
		};
		13AD461CA49A2003317B8214 /* SymphonySwiftUIAppTests */ = {
			isa = PBXNativeTarget;
			buildConfigurationList = 8EA4D53991A8F363EEFB3DB0 /* Build configuration list for PBXNativeTarget "SymphonySwiftUIAppTests" */;
			buildPhases = (
				351FB117AD4D9B7412D0C8A2 /* Sources */,
				74693E0C7D816559CA106716 /* Frameworks */,
			);
			buildRules = (
			);
			fileSystemSynchronizedGroups = (
				E55126918B907B93F4719E52 /* SymphonySwiftUIAppTests */,
			);
			dependencies = (
				F414D936B4DADECD086FAEB0 /* PBXTargetDependency */,
			);
			name = SymphonySwiftUIAppTests;
			packageProductDependencies = (
				FDBDF0E5C31E95A6CDEB61F2 /* SymphonyShared */,
				C54C30BB7AB11734C99F6D60 /* SymphonyShared */,
			);
			productName = SymphonySwiftUIAppTests;
			productReference = 97B3808013853F93DBBD1B9A /* SymphonySwiftUIAppTests.xctest */;
			productType = "com.apple.product-type.bundle.unit-test";
		};
		A10100000000000000000060 /* XcodeValidationGalleryApp */ = {
			isa = PBXNativeTarget;
			buildConfigurationList = A10100000000000000000070 /* Build configuration list for PBXNativeTarget "XcodeValidationGalleryApp" */;
			buildPhases = (
				A10100000000000000000050 /* Sources */,
				A10100000000000000000040 /* Frameworks */,
			);
			buildRules = (
			);
			dependencies = (
			);
			name = XcodeValidationGalleryApp;
			packageProductDependencies = (
				A10100000000000000000090 /* SymphonyValidationGallery */,
			);
			productName = XcodeValidationGallery;
			productReference = A10100000000000000000002 /* XcodeValidationGallery.app */;
			productType = "com.apple.product-type.application";
		};
		A10100000000000000000062 /* XcodeValidationGalleryAppTests */ = {
			isa = PBXNativeTarget;
			buildConfigurationList = A10100000000000000000072 /* Build configuration list for PBXNativeTarget "XcodeValidationGalleryAppTests" */;
			buildPhases = (
				A10100000000000000000052 /* Sources */,
				A10100000000000000000042 /* Frameworks */,
			);
			buildRules = (
			);
			dependencies = (
				A10100000000000000000033 /* PBXTargetDependency */,
			);
			name = XcodeValidationGalleryAppTests;
			packageProductDependencies = (
				A10100000000000000000091 /* SymphonyValidationGallery */,
			);
			productName = XcodeValidationGalleryAppTests;
			productReference = A10100000000000000000007 /* XcodeValidationGalleryAppTests.xctest */;
			productType = "com.apple.product-type.bundle.unit-test";
		};
		A10100000000000000000061 /* XcodeValidationGalleryAppUITests */ = {
			isa = PBXNativeTarget;
			buildConfigurationList = A10100000000000000000071 /* Build configuration list for PBXNativeTarget "XcodeValidationGalleryAppUITests" */;
			buildPhases = (
				A10100000000000000000051 /* Sources */,
				A10100000000000000000041 /* Frameworks */,
			);
			buildRules = (
			);
			dependencies = (
				A10100000000000000000031 /* PBXTargetDependency */,
			);
			name = XcodeValidationGalleryAppUITests;
			packageProductDependencies = (
			);
			productName = XcodeValidationGalleryAppUITests;
			productReference = A10100000000000000000004 /* XcodeValidationGalleryAppUITests.xctest */;
			productType = "com.apple.product-type.bundle.ui-testing";
		};
		2299CB2884BEEF9AA816D6F8 /* SymphonySwiftUIApp */ = {
			isa = PBXNativeTarget;
			buildConfigurationList = D26DD97709F46D95D8A2AFC8 /* Build configuration list for PBXNativeTarget "Symphony" */;
			buildPhases = (
				5B5D61BB6DDE3ADDF81D5FA3 /* Sources */,
				BF8266663C0352E7516D33FF /* Frameworks */,
				CCDDEEFF0011223344556677 /* Embed Local Server Helper */,
			);
			buildRules = (
			);
			fileSystemSynchronizedGroups = (
				E9EBDE2FA6B8050169009581 /* SymphonySwiftUIApp */,
			);
			dependencies = (
				EEFF00112233445566778899 /* PBXTargetDependency */,
			);
			name = SymphonySwiftUIApp;
			packageProductDependencies = (
				55AA66BB77CC88DD99EE00FF /* SymphonyServerCore */,
				5B1CD12A22B7B5FFEAA78774 /* SymphonyShared */,
			);
			productName = Symphony;
			productReference = BB3BDD964B47278C650FADD7 /* Symphony.app */;
			productType = "com.apple.product-type.application";
		};
		BBCCDDEEFF00112233445566 /* SymphonyLocalServerHelper */ = {
			isa = PBXNativeTarget;
			buildConfigurationList = 112233445566778899AABBCC /* Build configuration list for PBXNativeTarget "SymphonyLocalServerHelper" */;
			buildPhases = (
				DDEEFF001122334455667788 /* Sources */,
				99CC00DD11EE22FF33AA44BB /* Frameworks */,
			);
			buildRules = (
			);
			dependencies = (
			);
			name = SymphonyLocalServerHelper;
			packageProductDependencies = (
				2233445566778899AABBCCDD /* SymphonyServer */,
			);
			productName = SymphonyLocalServerHelper;
			productReference = 88BB99CC00DD11EE22FF33AA /* SymphonyLocalServerHelper */;
			productType = "com.apple.product-type.tool";
		};
/* End PBXNativeTarget section */

/* Begin PBXProject section */
		D4106BBA2672AB3F9DA74F38 /* Project object */ = {
			isa = PBXProject;
			attributes = {
				BuildIndependentTargetsInParallel = YES;
				LastUpgradeCheck = 1430;
				TargetAttributes = {
					0B018AD9F48103DB6D8603F4 = {
						DevelopmentTeam = "";
						TestTargetID = 2299CB2884BEEF9AA816D6F8;
					};
					13AD461CA49A2003317B8214 = {
						DevelopmentTeam = "";
					};
					A10100000000000000000060 = {
						DevelopmentTeam = "";
						ProvisioningStyle = Automatic;
					};
					A10100000000000000000062 = {
						DevelopmentTeam = "";
					};
					A10100000000000000000061 = {
						DevelopmentTeam = "";
						TestTargetID = A10100000000000000000060;
					};
					2299CB2884BEEF9AA816D6F8 = {
						DevelopmentTeam = "";
						ProvisioningStyle = Automatic;
					};
					BBCCDDEEFF00112233445566 = {
						DevelopmentTeam = "";
						ProvisioningStyle = Automatic;
					};
				};
			};
			buildConfigurationList = 01B3C5EB2EB8995477F6F98A /* Build configuration list for PBXProject "SymphonyApps" */;
			developmentRegion = en;
			hasScannedForEncodings = 0;
			knownRegions = (
				Base,
				en,
			);
			mainGroup = 56AB32BCB7F7E06B595D254D;
			minimizedProjectReferenceProxies = 1;
			packageReferences = (
				9B03BAB7ACF57E3F05CE4151 /* XCLocalSwiftPackageReference "." */,
			);
			preferredProjectObjectVersion = 77;
			productRefGroup = 6706755F3E233C2DFA820A85 /* Products */;
			projectDirPath = "";
			projectRoot = "";
			targets = (
				2299CB2884BEEF9AA816D6F8 /* SymphonySwiftUIApp */,
				A10100000000000000000060 /* XcodeValidationGalleryApp */,
				BBCCDDEEFF00112233445566 /* SymphonyLocalServerHelper */,
				13AD461CA49A2003317B8214 /* SymphonySwiftUIAppTests */,
				A10100000000000000000062 /* XcodeValidationGalleryAppTests */,
				0B018AD9F48103DB6D8603F4 /* SymphonySwiftUIAppUITests */,
				A10100000000000000000061 /* XcodeValidationGalleryAppUITests */,
			);
		};
/* End PBXProject section */

/* Begin PBXSourcesBuildPhase section */
		351FB117AD4D9B7412D0C8A2 /* Sources */ = {
			isa = PBXSourcesBuildPhase;
			buildActionMask = 2147483647;
			files = (
			);
			runOnlyForDeploymentPostprocessing = 0;
		};
		5B5D61BB6DDE3ADDF81D5FA3 /* Sources */ = {
			isa = PBXSourcesBuildPhase;
			buildActionMask = 2147483647;
			files = (
			);
			runOnlyForDeploymentPostprocessing = 0;
		};
		A10100000000000000000050 /* Sources */ = {
			isa = PBXSourcesBuildPhase;
			buildActionMask = 2147483647;
			files = (
				A10100000000000000000020 /* XcodeValidationGalleryApp.swift in Sources */,
				A10100000000000000000023 /* XcodeValidationGalleryBootstrap.swift in Sources */,
				A101000000000000000000A1 /* XcodeValidationGalleryExport.swift in Sources */,
				A101000000000000000000A3 /* XcodeValidationGalleryExportSheet.swift in Sources */,
			);
			runOnlyForDeploymentPostprocessing = 0;
		};
		A10100000000000000000052 /* Sources */ = {
			isa = PBXSourcesBuildPhase;
			buildActionMask = 2147483647;
			files = (
				A10100000000000000000024 /* XcodeValidationGalleryAppBootstrapTests.swift in Sources */,
			);
			runOnlyForDeploymentPostprocessing = 0;
		};
		A10100000000000000000051 /* Sources */ = {
			isa = PBXSourcesBuildPhase;
			buildActionMask = 2147483647;
			files = (
				A10100000000000000000022 /* XcodeValidationGalleryAppUITests.swift in Sources */,
				A101000000000000000000A5 /* XcodeValidationGalleryCommentAndExportUITests.swift in Sources */,
				A101000000000000000000A7 /* XcodeValidationGalleryUITestAssertHelpers.swift in Sources */,
				A101000000000000000000A9 /* XcodeValidationGalleryUITestNavigationHelpers.swift in Sources */,
				A101000000000000000000AB /* XcodeValidationGalleryUITestCommentHelpers.swift in Sources */,
				A101000000000000000000B1 /* XcodeValidationGalleryRunnerUITests.swift in Sources */,
			);
			runOnlyForDeploymentPostprocessing = 0;
		};
		DDEEFF001122334455667788 /* Sources */ = {
			isa = PBXSourcesBuildPhase;
			buildActionMask = 2147483647;
			files = (
				22BB33CC44DD55EE66FF77AA /* main.swift in Sources */,
			);
			runOnlyForDeploymentPostprocessing = 0;
		};
		D9EFB6988FF35D1F473AFD38 /* Sources */ = {
			isa = PBXSourcesBuildPhase;
			buildActionMask = 2147483647;
			files = (
				A20100000000000000000001 /* SymphonyUITestCase.swift in Sources */,
				A20100000000000000000002 /* SymphonyUITestAccessibilityHelpers.swift in Sources */,
				A20100000000000000000003 /* NavigationUITests.swift in Sources */,
				A20100000000000000000004 /* RichMediaAndValidationUITests.swift in Sources */,
			);
			runOnlyForDeploymentPostprocessing = 0;
		};
/* End PBXSourcesBuildPhase section */

/* Begin PBXTargetDependency section */
		9974D558463B36AA3C3B5B3B /* PBXTargetDependency */ = {
			isa = PBXTargetDependency;
			target = 2299CB2884BEEF9AA816D6F8 /* SymphonySwiftUIApp */;
			targetProxy = AB8650FE4D4512ED4E736D60 /* PBXContainerItemProxy */;
		};
		A10100000000000000000031 /* PBXTargetDependency */ = {
			isa = PBXTargetDependency;
			target = A10100000000000000000060 /* XcodeValidationGalleryApp */;
			targetProxy = A10100000000000000000030 /* PBXContainerItemProxy */;
		};
		A10100000000000000000033 /* PBXTargetDependency */ = {
			isa = PBXTargetDependency;
			target = A10100000000000000000060 /* XcodeValidationGalleryApp */;
			targetProxy = A10100000000000000000032 /* PBXContainerItemProxy */;
		};
		EEFF00112233445566778899 /* PBXTargetDependency */ = {
			isa = PBXTargetDependency;
			target = BBCCDDEEFF00112233445566 /* SymphonyLocalServerHelper */;
			targetProxy = 55EE66FF77AA88BB99CC00DD /* PBXContainerItemProxy */;
		};
		F414D936B4DADECD086FAEB0 /* PBXTargetDependency */ = {
			isa = PBXTargetDependency;
			target = 2299CB2884BEEF9AA816D6F8 /* SymphonySwiftUIApp */;
			targetProxy = C06066C147D616984F81FD92 /* PBXContainerItemProxy */;
		};
/* End PBXTargetDependency section */

/* Begin XCBuildConfiguration section */
		04FFF8D689DCFBCD54BE4906 /* Release */ = {
			isa = XCBuildConfiguration;
			buildSettings = {
				BUNDLE_LOADER = "$(TEST_HOST)";
				GENERATE_INFOPLIST_FILE = YES;
				IPHONEOS_DEPLOYMENT_TARGET = 26.0;
				LD_RUNPATH_SEARCH_PATHS = (
					"$(inherited)",
					"@executable_path/Frameworks",
					"@loader_path/Frameworks",
				);
				MACOSX_DEPLOYMENT_TARGET = 26.0;
				PRODUCT_BUNDLE_IDENTIFIER = dev.atjsh.symphony.tests;
				PRODUCT_NAME = SymphonySwiftUIAppTests;
				SDKROOT = auto;
				SUPPORTED_PLATFORMS = "iphoneos iphonesimulator macosx";
				SUPPORTS_MACCATALYST = NO;
				SUPPORTS_MAC_DESIGNED_FOR_IPHONE_IPAD = NO;
				SUPPORTS_XR_DESIGNED_FOR_IPHONE_IPAD = YES;
				TARGETED_DEVICE_FAMILY = "1,2";
				TEST_HOST = "$(BUILT_PRODUCTS_DIR)/Symphony.app/Symphony";
			};
			name = Release;
		};
		32923A35E372C7B33224BA12 /* Debug */ = {
			isa = XCBuildConfiguration;
			buildSettings = {
				BUNDLE_LOADER = "$(TEST_HOST)";
				GENERATE_INFOPLIST_FILE = YES;
				IPHONEOS_DEPLOYMENT_TARGET = 26.0;
				LD_RUNPATH_SEARCH_PATHS = (
					"$(inherited)",
					"@executable_path/Frameworks",
					"@loader_path/Frameworks",
				);
				MACOSX_DEPLOYMENT_TARGET = 26.0;
				PRODUCT_BUNDLE_IDENTIFIER = dev.atjsh.symphony.uitests;
				PRODUCT_NAME = SymphonySwiftUIAppUITests;
				SDKROOT = auto;
				SUPPORTED_PLATFORMS = "iphoneos iphonesimulator macosx";
				SUPPORTS_MACCATALYST = NO;
				SUPPORTS_MAC_DESIGNED_FOR_IPHONE_IPAD = NO;
				SUPPORTS_XR_DESIGNED_FOR_IPHONE_IPAD = YES;
				TARGETED_DEVICE_FAMILY = "1,2";
				TEST_TARGET_NAME = SymphonySwiftUIApp;
			};
			name = Debug;
		};
		ACF2438E6B1086582B05E40D /* Release */ = {
			isa = XCBuildConfiguration;
			buildSettings = {
				BUNDLE_LOADER = "$(TEST_HOST)";
				GENERATE_INFOPLIST_FILE = YES;
				IPHONEOS_DEPLOYMENT_TARGET = 26.0;
				LD_RUNPATH_SEARCH_PATHS = (
					"$(inherited)",
					"@executable_path/Frameworks",
					"@loader_path/Frameworks",
				);
				MACOSX_DEPLOYMENT_TARGET = 26.0;
				PRODUCT_BUNDLE_IDENTIFIER = dev.atjsh.symphony.uitests;
				PRODUCT_NAME = SymphonySwiftUIAppUITests;
				SDKROOT = auto;
				SUPPORTED_PLATFORMS = "iphoneos iphonesimulator macosx";
				SUPPORTS_MACCATALYST = NO;
				SUPPORTS_MAC_DESIGNED_FOR_IPHONE_IPAD = NO;
				SUPPORTS_XR_DESIGNED_FOR_IPHONE_IPAD = YES;
				TARGETED_DEVICE_FAMILY = "1,2";
				TEST_TARGET_NAME = SymphonySwiftUIApp;
			};
			name = Release;
		};
		A10100000000000000000080 /* Debug */ = {
			isa = XCBuildConfiguration;
			buildSettings = {
				CODE_SIGNING_ALLOWED = YES;
				CODE_SIGNING_REQUIRED = YES;
				CODE_SIGN_STYLE = Automatic;
				GENERATE_INFOPLIST_FILE = YES;
				INFOPLIST_KEY_CFBundleDisplayName = "Xcode Validation Gallery";
				INFOPLIST_KEY_LSApplicationCategoryType = "public.app-category.developer-tools";
				INFOPLIST_KEY_UILaunchScreen_Generation = YES;
				IPHONEOS_DEPLOYMENT_TARGET = 26.0;
				LD_RUNPATH_SEARCH_PATHS = (
					"$(inherited)",
					"@executable_path/Frameworks",
				);
				MACOSX_DEPLOYMENT_TARGET = 26.0;
				PRODUCT_BUNDLE_IDENTIFIER = dev.atjsh.xcode-validation-gallery;
				PRODUCT_MODULE_NAME = XcodeValidationGalleryApp;
				PRODUCT_NAME = XcodeValidationGallery;
				SDKROOT = auto;
				SUPPORTED_PLATFORMS = "iphoneos iphonesimulator macosx";
				SUPPORTS_MACCATALYST = NO;
				SUPPORTS_MAC_DESIGNED_FOR_IPHONE_IPAD = NO;
				SUPPORTS_XR_DESIGNED_FOR_IPHONE_IPAD = YES;
				TARGETED_DEVICE_FAMILY = "1,2";
			};
			name = Debug;
		};
		A10100000000000000000081 /* Release */ = {
			isa = XCBuildConfiguration;
			buildSettings = {
				CODE_SIGNING_ALLOWED = YES;
				CODE_SIGNING_REQUIRED = YES;
				CODE_SIGN_STYLE = Automatic;
				GENERATE_INFOPLIST_FILE = YES;
				INFOPLIST_KEY_CFBundleDisplayName = "Xcode Validation Gallery";
				INFOPLIST_KEY_LSApplicationCategoryType = "public.app-category.developer-tools";
				INFOPLIST_KEY_UILaunchScreen_Generation = YES;
				IPHONEOS_DEPLOYMENT_TARGET = 26.0;
				LD_RUNPATH_SEARCH_PATHS = (
					"$(inherited)",
					"@executable_path/Frameworks",
				);
				MACOSX_DEPLOYMENT_TARGET = 26.0;
				PRODUCT_BUNDLE_IDENTIFIER = dev.atjsh.xcode-validation-gallery;
				PRODUCT_MODULE_NAME = XcodeValidationGalleryApp;
				PRODUCT_NAME = XcodeValidationGallery;
				SDKROOT = auto;
				SUPPORTED_PLATFORMS = "iphoneos iphonesimulator macosx";
				SUPPORTS_MACCATALYST = NO;
				SUPPORTS_MAC_DESIGNED_FOR_IPHONE_IPAD = NO;
				SUPPORTS_XR_DESIGNED_FOR_IPHONE_IPAD = YES;
				TARGETED_DEVICE_FAMILY = "1,2";
			};
			name = Release;
		};
		A10100000000000000000082 /* Debug */ = {
			isa = XCBuildConfiguration;
			buildSettings = {
				GENERATE_INFOPLIST_FILE = YES;
				IPHONEOS_DEPLOYMENT_TARGET = 26.0;
				MACOSX_DEPLOYMENT_TARGET = 26.0;
				PRODUCT_BUNDLE_IDENTIFIER = dev.atjsh.xcodevalidationgallery.uitests;
				PRODUCT_NAME = XcodeValidationGalleryAppUITests;
				SDKROOT = auto;
				SUPPORTED_PLATFORMS = "iphoneos iphonesimulator macosx";
				SUPPORTS_MACCATALYST = NO;
				SUPPORTS_MAC_DESIGNED_FOR_IPHONE_IPAD = NO;
				SUPPORTS_XR_DESIGNED_FOR_IPHONE_IPAD = YES;
				TARGETED_DEVICE_FAMILY = "1,2";
				TEST_TARGET_NAME = XcodeValidationGalleryApp;
			};
			name = Debug;
		};
		A10100000000000000000084 /* Debug */ = {
			isa = XCBuildConfiguration;
			buildSettings = {
				BUNDLE_LOADER = "$(TEST_HOST)";
				GENERATE_INFOPLIST_FILE = YES;
				IPHONEOS_DEPLOYMENT_TARGET = 26.0;
				LD_RUNPATH_SEARCH_PATHS = (
					"$(inherited)",
					"@executable_path/Frameworks",
					"@loader_path/Frameworks",
				);
				MACOSX_DEPLOYMENT_TARGET = 26.0;
				PRODUCT_BUNDLE_IDENTIFIER = dev.atjsh.xcodevalidationgallery.tests;
				PRODUCT_NAME = XcodeValidationGalleryAppTests;
				SDKROOT = auto;
				SUPPORTED_PLATFORMS = "iphoneos iphonesimulator macosx";
				SUPPORTS_MACCATALYST = NO;
				SUPPORTS_MAC_DESIGNED_FOR_IPHONE_IPAD = NO;
				SUPPORTS_XR_DESIGNED_FOR_IPHONE_IPAD = YES;
				TARGETED_DEVICE_FAMILY = "1,2";
				TEST_HOST = "$(BUILT_PRODUCTS_DIR)/XcodeValidationGallery.app/XcodeValidationGallery";
				"TEST_HOST[sdk=iphoneos*]" = "$(BUILT_PRODUCTS_DIR)/XcodeValidationGallery.app/XcodeValidationGallery";
				"TEST_HOST[sdk=iphonesimulator*]" = "$(BUILT_PRODUCTS_DIR)/XcodeValidationGallery.app/XcodeValidationGallery";
				"TEST_HOST[sdk=macosx*]" = "$(BUILT_PRODUCTS_DIR)/XcodeValidationGallery.app/Contents/MacOS/XcodeValidationGallery";
			};
			name = Debug;
		};
		A10100000000000000000085 /* Release */ = {
			isa = XCBuildConfiguration;
			buildSettings = {
				BUNDLE_LOADER = "$(TEST_HOST)";
				GENERATE_INFOPLIST_FILE = YES;
				IPHONEOS_DEPLOYMENT_TARGET = 26.0;
				LD_RUNPATH_SEARCH_PATHS = (
					"$(inherited)",
					"@executable_path/Frameworks",
					"@loader_path/Frameworks",
				);
				MACOSX_DEPLOYMENT_TARGET = 26.0;
				PRODUCT_BUNDLE_IDENTIFIER = dev.atjsh.xcodevalidationgallery.tests;
				PRODUCT_NAME = XcodeValidationGalleryAppTests;
				SDKROOT = auto;
				SUPPORTED_PLATFORMS = "iphoneos iphonesimulator macosx";
				SUPPORTS_MACCATALYST = NO;
				SUPPORTS_MAC_DESIGNED_FOR_IPHONE_IPAD = NO;
				SUPPORTS_XR_DESIGNED_FOR_IPHONE_IPAD = YES;
				TARGETED_DEVICE_FAMILY = "1,2";
				TEST_HOST = "$(BUILT_PRODUCTS_DIR)/XcodeValidationGallery.app/XcodeValidationGallery";
				"TEST_HOST[sdk=iphoneos*]" = "$(BUILT_PRODUCTS_DIR)/XcodeValidationGallery.app/XcodeValidationGallery";
				"TEST_HOST[sdk=iphonesimulator*]" = "$(BUILT_PRODUCTS_DIR)/XcodeValidationGallery.app/XcodeValidationGallery";
				"TEST_HOST[sdk=macosx*]" = "$(BUILT_PRODUCTS_DIR)/XcodeValidationGallery.app/Contents/MacOS/XcodeValidationGallery";
			};
			name = Release;
		};
		A10100000000000000000083 /* Release */ = {
			isa = XCBuildConfiguration;
			buildSettings = {
				GENERATE_INFOPLIST_FILE = YES;
				IPHONEOS_DEPLOYMENT_TARGET = 26.0;
				MACOSX_DEPLOYMENT_TARGET = 26.0;
				PRODUCT_BUNDLE_IDENTIFIER = dev.atjsh.xcodevalidationgallery.uitests;
				PRODUCT_NAME = XcodeValidationGalleryAppUITests;
				SDKROOT = auto;
				SUPPORTED_PLATFORMS = "iphoneos iphonesimulator macosx";
				SUPPORTS_MACCATALYST = NO;
				SUPPORTS_MAC_DESIGNED_FOR_IPHONE_IPAD = NO;
				SUPPORTS_XR_DESIGNED_FOR_IPHONE_IPAD = YES;
				TARGETED_DEVICE_FAMILY = "1,2";
				TEST_TARGET_NAME = XcodeValidationGalleryApp;
			};
			name = Release;
		};
		B2AD19EFC74B4BFE83D2808B /* Debug */ = {
			isa = XCBuildConfiguration;
			buildSettings = {
				ALWAYS_SEARCH_USER_PATHS = NO;
				CLANG_ANALYZER_NONNULL = YES;
				CLANG_ANALYZER_NUMBER_OBJECT_CONVERSION = YES_AGGRESSIVE;
				CLANG_CXX_LANGUAGE_STANDARD = "gnu++14";
				CLANG_CXX_LIBRARY = "libc++";
				CLANG_ENABLE_MODULES = YES;
				CLANG_ENABLE_OBJC_ARC = YES;
				CLANG_ENABLE_OBJC_WEAK = YES;
				CLANG_WARN_BLOCK_CAPTURE_AUTORELEASING = YES;
				CLANG_WARN_BOOL_CONVERSION = YES;
				CLANG_WARN_COMMA = YES;
				CLANG_WARN_CONSTANT_CONVERSION = YES;
				CLANG_WARN_DEPRECATED_OBJC_IMPLEMENTATIONS = YES;
				CLANG_WARN_DIRECT_OBJC_ISA_USAGE = YES_ERROR;
				CLANG_WARN_DOCUMENTATION_COMMENTS = YES;
				CLANG_WARN_EMPTY_BODY = YES;
				CLANG_WARN_ENUM_CONVERSION = YES;
				CLANG_WARN_INFINITE_RECURSION = YES;
				CLANG_WARN_INT_CONVERSION = YES;
				CLANG_WARN_NON_LITERAL_NULL_CONVERSION = YES;
				CLANG_WARN_OBJC_IMPLICIT_RETAIN_SELF = YES;
				CLANG_WARN_OBJC_LITERAL_CONVERSION = YES;
				CLANG_WARN_OBJC_ROOT_CLASS = YES_ERROR;
				CLANG_WARN_QUOTED_INCLUDE_IN_FRAMEWORK_HEADER = YES;
				CLANG_WARN_RANGE_LOOP_ANALYSIS = YES;
				CLANG_WARN_STRICT_PROTOTYPES = YES;
				CLANG_WARN_SUSPICIOUS_MOVE = YES;
				CLANG_WARN_UNGUARDED_AVAILABILITY = YES_AGGRESSIVE;
				CLANG_WARN_UNREACHABLE_CODE = YES;
				CLANG_WARN__DUPLICATE_METHOD_MATCH = YES;
				CODE_SIGNING_ALLOWED = NO;
				CODE_SIGNING_REQUIRED = NO;
				COPY_PHASE_STRIP = NO;
				DEBUG_INFORMATION_FORMAT = dwarf;
				DEVELOPMENT_TEAM = "";
				ENABLE_STRICT_OBJC_MSGSEND = YES;
				ENABLE_TESTABILITY = YES;
				GCC_C_LANGUAGE_STANDARD = gnu11;
				GCC_DYNAMIC_NO_PIC = NO;
				GCC_NO_COMMON_BLOCKS = YES;
				GCC_OPTIMIZATION_LEVEL = 0;
				GCC_PREPROCESSOR_DEFINITIONS = (
					"$(inherited)",
					"DEBUG=1",
				);
				GCC_WARN_64_TO_32_BIT_CONVERSION = YES;
				GCC_WARN_ABOUT_RETURN_TYPE = YES_ERROR;
				GCC_WARN_UNDECLARED_SELECTOR = YES;
				GCC_WARN_UNINITIALIZED_AUTOS = YES_AGGRESSIVE;
				GCC_WARN_UNUSED_FUNCTION = YES;
				GCC_WARN_UNUSED_VARIABLE = YES;
				MTL_ENABLE_DEBUG_INFO = INCLUDE_SOURCE;
				MTL_FAST_MATH = YES;
				ONLY_ACTIVE_ARCH = YES;
				PRODUCT_NAME = "$(TARGET_NAME)";
				SDKROOT = auto;
				SWIFT_ACTIVE_COMPILATION_CONDITIONS = DEBUG;
				SWIFT_OPTIMIZATION_LEVEL = "-Onone";
				SWIFT_VERSION = 6.0;
			};
			name = Debug;
		};
		BCCBFC6ED3138D95A760161C /* Release */ = {
			isa = XCBuildConfiguration;
			buildSettings = {
				ALWAYS_SEARCH_USER_PATHS = NO;
				CLANG_ANALYZER_NONNULL = YES;
				CLANG_ANALYZER_NUMBER_OBJECT_CONVERSION = YES_AGGRESSIVE;
				CLANG_CXX_LANGUAGE_STANDARD = "gnu++14";
				CLANG_CXX_LIBRARY = "libc++";
				CLANG_ENABLE_MODULES = YES;
				CLANG_ENABLE_OBJC_ARC = YES;
				CLANG_ENABLE_OBJC_WEAK = YES;
				CLANG_WARN_BLOCK_CAPTURE_AUTORELEASING = YES;
				CLANG_WARN_BOOL_CONVERSION = YES;
				CLANG_WARN_COMMA = YES;
				CLANG_WARN_CONSTANT_CONVERSION = YES;
				CLANG_WARN_DEPRECATED_OBJC_IMPLEMENTATIONS = YES;
				CLANG_WARN_DIRECT_OBJC_ISA_USAGE = YES_ERROR;
				CLANG_WARN_DOCUMENTATION_COMMENTS = YES;
				CLANG_WARN_EMPTY_BODY = YES;
				CLANG_WARN_ENUM_CONVERSION = YES;
				CLANG_WARN_INFINITE_RECURSION = YES;
				CLANG_WARN_INT_CONVERSION = YES;
				CLANG_WARN_NON_LITERAL_NULL_CONVERSION = YES;
				CLANG_WARN_OBJC_IMPLICIT_RETAIN_SELF = YES;
				CLANG_WARN_OBJC_LITERAL_CONVERSION = YES;
				CLANG_WARN_OBJC_ROOT_CLASS = YES_ERROR;
				CLANG_WARN_QUOTED_INCLUDE_IN_FRAMEWORK_HEADER = YES;
				CLANG_WARN_RANGE_LOOP_ANALYSIS = YES;
				CLANG_WARN_STRICT_PROTOTYPES = YES;
				CLANG_WARN_SUSPICIOUS_MOVE = YES;
				CLANG_WARN_UNGUARDED_AVAILABILITY = YES_AGGRESSIVE;
				CLANG_WARN_UNREACHABLE_CODE = YES;
				CLANG_WARN__DUPLICATE_METHOD_MATCH = YES;
				CODE_SIGNING_ALLOWED = NO;
				CODE_SIGNING_REQUIRED = NO;
				COPY_PHASE_STRIP = NO;
				DEBUG_INFORMATION_FORMAT = "dwarf-with-dsym";
				DEVELOPMENT_TEAM = "";
				ENABLE_NS_ASSERTIONS = NO;
				ENABLE_STRICT_OBJC_MSGSEND = YES;
				GCC_C_LANGUAGE_STANDARD = gnu11;
				GCC_NO_COMMON_BLOCKS = YES;
				GCC_WARN_64_TO_32_BIT_CONVERSION = YES;
				GCC_WARN_ABOUT_RETURN_TYPE = YES_ERROR;
				GCC_WARN_UNDECLARED_SELECTOR = YES;
				GCC_WARN_UNINITIALIZED_AUTOS = YES_AGGRESSIVE;
				GCC_WARN_UNUSED_FUNCTION = YES;
				GCC_WARN_UNUSED_VARIABLE = YES;
				MTL_ENABLE_DEBUG_INFO = NO;
				MTL_FAST_MATH = YES;
				PRODUCT_NAME = "$(TARGET_NAME)";
				SDKROOT = auto;
				SWIFT_COMPILATION_MODE = wholemodule;
				SWIFT_OPTIMIZATION_LEVEL = "-O";
				SWIFT_VERSION = 6.0;
			};
			name = Release;
		};
		ED873472B64C28FC9C3B0B28 /* Debug */ = {
			isa = XCBuildConfiguration;
			buildSettings = {
				ASSETCATALOG_COMPILER_APPICON_NAME = AppIcon;
				CODE_SIGNING_ALLOWED = YES;
				CODE_SIGNING_REQUIRED = YES;
				CODE_SIGN_STYLE = Automatic;
				GENERATE_INFOPLIST_FILE = YES;
				INFOPLIST_KEY_CFBundleDisplayName = Symphony;
				INFOPLIST_KEY_LSApplicationCategoryType = "public.app-category.developer-tools";
				INFOPLIST_KEY_UILaunchScreen_Generation = YES;
				IPHONEOS_DEPLOYMENT_TARGET = 26.0;
				LD_RUNPATH_SEARCH_PATHS = (
					"$(inherited)",
					"@executable_path/Frameworks",
				);
				MACOSX_DEPLOYMENT_TARGET = 26.0;
				PRODUCT_BUNDLE_IDENTIFIER = dev.atjsh.symphony;
				PRODUCT_MODULE_NAME = SymphonySwiftUIApp;
				PRODUCT_NAME = Symphony;
				SDKROOT = auto;
				SUPPORTED_PLATFORMS = "iphoneos iphonesimulator macosx";
				SUPPORTS_MACCATALYST = NO;
				SUPPORTS_MAC_DESIGNED_FOR_IPHONE_IPAD = NO;
				SUPPORTS_XR_DESIGNED_FOR_IPHONE_IPAD = YES;
				TARGETED_DEVICE_FAMILY = "1,2";
			};
			name = Debug;
		};
		F29221511996AF509CFF8AD1 /* Debug */ = {
			isa = XCBuildConfiguration;
			buildSettings = {
				BUNDLE_LOADER = "$(TEST_HOST)";
				GENERATE_INFOPLIST_FILE = YES;
				IPHONEOS_DEPLOYMENT_TARGET = 26.0;
				LD_RUNPATH_SEARCH_PATHS = (
					"$(inherited)",
					"@executable_path/Frameworks",
					"@loader_path/Frameworks",
				);
				MACOSX_DEPLOYMENT_TARGET = 26.0;
				PRODUCT_BUNDLE_IDENTIFIER = dev.atjsh.symphony.tests;
				PRODUCT_NAME = SymphonySwiftUIAppTests;
				SDKROOT = auto;
				SUPPORTED_PLATFORMS = "iphoneos iphonesimulator macosx";
				SUPPORTS_MACCATALYST = NO;
				SUPPORTS_MAC_DESIGNED_FOR_IPHONE_IPAD = NO;
				SUPPORTS_XR_DESIGNED_FOR_IPHONE_IPAD = YES;
				TARGETED_DEVICE_FAMILY = "1,2";
				TEST_HOST = "$(BUILT_PRODUCTS_DIR)/Symphony.app/Symphony";
				"TEST_HOST[sdk=iphoneos*]" = "$(BUILT_PRODUCTS_DIR)/Symphony.app/Symphony";
				"TEST_HOST[sdk=iphonesimulator*]" = "$(BUILT_PRODUCTS_DIR)/Symphony.app/Symphony";
				"TEST_HOST[sdk=macosx*]" = "$(BUILT_PRODUCTS_DIR)/Symphony.app/Contents/MacOS/Symphony";
			};
			name = Debug;
		};
		FE9F22B430DBFBEF48104089 /* Release */ = {
			isa = XCBuildConfiguration;
			buildSettings = {
				ASSETCATALOG_COMPILER_APPICON_NAME = AppIcon;
				CODE_SIGNING_ALLOWED = YES;
				CODE_SIGNING_REQUIRED = YES;
				CODE_SIGN_STYLE = Automatic;
				GENERATE_INFOPLIST_FILE = YES;
				INFOPLIST_KEY_CFBundleDisplayName = Symphony;
				INFOPLIST_KEY_LSApplicationCategoryType = "public.app-category.developer-tools";
				INFOPLIST_KEY_UILaunchScreen_Generation = YES;
				IPHONEOS_DEPLOYMENT_TARGET = 26.0;
				LD_RUNPATH_SEARCH_PATHS = (
					"$(inherited)",
					"@executable_path/Frameworks",
				);
				MACOSX_DEPLOYMENT_TARGET = 26.0;
				PRODUCT_BUNDLE_IDENTIFIER = dev.atjsh.symphony;
				PRODUCT_MODULE_NAME = SymphonySwiftUIApp;
				PRODUCT_NAME = Symphony;
				SDKROOT = auto;
				SUPPORTED_PLATFORMS = "iphoneos iphonesimulator macosx";
				SUPPORTS_MACCATALYST = NO;
				SUPPORTS_MAC_DESIGNED_FOR_IPHONE_IPAD = NO;
				SUPPORTS_XR_DESIGNED_FOR_IPHONE_IPAD = YES;
				TARGETED_DEVICE_FAMILY = "1,2";
			};
			name = Release;
		};
		2233445566778899AABBCC01 /* Debug */ = {
			isa = XCBuildConfiguration;
			buildSettings = {
				CODE_SIGN_STYLE = Automatic;
				DEVELOPMENT_TEAM = "";
				GENERATE_INFOPLIST_FILE = YES;
				MACOSX_DEPLOYMENT_TARGET = 26.0;
				PRODUCT_BUNDLE_IDENTIFIER = dev.atjsh.symphony.local-server-helper;
				PRODUCT_NAME = SymphonyLocalServerHelper;
				SDKROOT = auto;
				SKIP_INSTALL = YES;
				SUPPORTED_PLATFORMS = macosx;
				SWIFT_VERSION = 6.0;
			};
			name = Debug;
		};
		2233445566778899AABBCC02 /* Release */ = {
			isa = XCBuildConfiguration;
			buildSettings = {
				CODE_SIGN_STYLE = Automatic;
				DEVELOPMENT_TEAM = "";
				GENERATE_INFOPLIST_FILE = YES;
				MACOSX_DEPLOYMENT_TARGET = 26.0;
				PRODUCT_BUNDLE_IDENTIFIER = dev.atjsh.symphony.local-server-helper;
				PRODUCT_NAME = SymphonyLocalServerHelper;
				SDKROOT = auto;
				SKIP_INSTALL = YES;
				SUPPORTED_PLATFORMS = macosx;
				SWIFT_COMPILATION_MODE = wholemodule;
				SWIFT_OPTIMIZATION_LEVEL = "-O";
				SWIFT_VERSION = 6.0;
			};
			name = Release;
		};
/* End XCBuildConfiguration section */

/* Begin XCConfigurationList section */
		01B3C5EB2EB8995477F6F98A /* Build configuration list for PBXProject "SymphonyApps" */ = {
			isa = XCConfigurationList;
			buildConfigurations = (
				B2AD19EFC74B4BFE83D2808B /* Debug */,
				BCCBFC6ED3138D95A760161C /* Release */,
			);
			defaultConfigurationIsVisible = 0;
			defaultConfigurationName = Debug;
		};
		8EA4D53991A8F363EEFB3DB0 /* Build configuration list for PBXNativeTarget "SymphonySwiftUIAppTests" */ = {
			isa = XCConfigurationList;
			buildConfigurations = (
				F29221511996AF509CFF8AD1 /* Debug */,
				04FFF8D689DCFBCD54BE4906 /* Release */,
			);
			defaultConfigurationIsVisible = 0;
			defaultConfigurationName = Debug;
		};
		A10100000000000000000070 /* Build configuration list for PBXNativeTarget "XcodeValidationGalleryApp" */ = {
			isa = XCConfigurationList;
			buildConfigurations = (
				A10100000000000000000080 /* Debug */,
				A10100000000000000000081 /* Release */,
			);
			defaultConfigurationIsVisible = 0;
			defaultConfigurationName = Debug;
		};
		A10100000000000000000071 /* Build configuration list for PBXNativeTarget "XcodeValidationGalleryAppUITests" */ = {
			isa = XCConfigurationList;
			buildConfigurations = (
				A10100000000000000000082 /* Debug */,
				A10100000000000000000083 /* Release */,
			);
			defaultConfigurationIsVisible = 0;
			defaultConfigurationName = Debug;
		};
		A10100000000000000000072 /* Build configuration list for PBXNativeTarget "XcodeValidationGalleryAppTests" */ = {
			isa = XCConfigurationList;
			buildConfigurations = (
				A10100000000000000000084 /* Debug */,
				A10100000000000000000085 /* Release */,
			);
			defaultConfigurationIsVisible = 0;
			defaultConfigurationName = Debug;
		};
		978775F3776F0A25435A98CB /* Build configuration list for PBXNativeTarget "SymphonySwiftUIAppUITests" */ = {
			isa = XCConfigurationList;
			buildConfigurations = (
				32923A35E372C7B33224BA12 /* Debug */,
				ACF2438E6B1086582B05E40D /* Release */,
			);
			defaultConfigurationIsVisible = 0;
			defaultConfigurationName = Debug;
		};
		D26DD97709F46D95D8A2AFC8 /* Build configuration list for PBXNativeTarget "Symphony" */ = {
			isa = XCConfigurationList;
			buildConfigurations = (
				ED873472B64C28FC9C3B0B28 /* Debug */,
				FE9F22B430DBFBEF48104089 /* Release */,
			);
			defaultConfigurationIsVisible = 0;
			defaultConfigurationName = Debug;
		};
		112233445566778899AABBCC /* Build configuration list for PBXNativeTarget "SymphonyLocalServerHelper" */ = {
			isa = XCConfigurationList;
			buildConfigurations = (
				2233445566778899AABBCC01 /* Debug */,
				2233445566778899AABBCC02 /* Release */,
			);
			defaultConfigurationIsVisible = 0;
			defaultConfigurationName = Debug;
		};
/* End XCConfigurationList section */

/* Begin XCLocalSwiftPackageReference section */
		9B03BAB7ACF57E3F05CE4151 /* XCLocalSwiftPackageReference "." */ = {
			isa = XCLocalSwiftPackageReference;
			relativePath = .;
		};
/* End XCLocalSwiftPackageReference section */

/* Begin XCSwiftPackageProductDependency section */
		4C68215C3CE80F18F246B0B0 /* SymphonyShared */ = {
			isa = XCSwiftPackageProductDependency;
			productName = SymphonyShared;
		};
		5B1CD12A22B7B5FFEAA78774 /* SymphonyShared */ = {
			isa = XCSwiftPackageProductDependency;
			productName = SymphonyShared;
		};
		2233445566778899AABBCCDD /* SymphonyServer */ = {
			isa = XCSwiftPackageProductDependency;
			productName = SymphonyServer;
		};
		55AA66BB77CC88DD99EE00FF /* SymphonyServerCore */ = {
			isa = XCSwiftPackageProductDependency;
			productName = SymphonyServerCore;
		};
		C54C30BB7AB11734C99F6D60 /* SymphonyShared */ = {
			isa = XCSwiftPackageProductDependency;
			productName = SymphonyShared;
		};
		FDBDF0E5C31E95A6CDEB61F2 /* SymphonyShared */ = {
			isa = XCSwiftPackageProductDependency;
			productName = SymphonyShared;
		};
		A10100000000000000000090 /* SymphonyValidationGallery */ = {
			isa = XCSwiftPackageProductDependency;
			productName = SymphonyValidationGallery;
		};
		A10100000000000000000091 /* SymphonyValidationGallery */ = {
			isa = XCSwiftPackageProductDependency;
			productName = SymphonyValidationGallery;
		};
/* End XCSwiftPackageProductDependency section */
	};
	rootObject = D4106BBA2672AB3F9DA74F38 /* Project object */;
}
