// !$*UTF8*$!
{
	archiveVersion = 1;
	classes = {
	};
	objectVersion = 77;
	objects = {

/* Begin PBXBuildFile section */
		05A08197F3C20C8E521DF417 /* SymphonyApp.swift in Sources */ = {isa = PBXBuildFile; fileRef = 77A53142A3FAEF3A51C08295 /* SymphonyApp.swift */; };
		49C63D6DD980D48BFD6B485E /* ContentView.swift in Sources */ = {isa = PBXBuildFile; fileRef = D41F51113E5586F70F705846 /* ContentView.swift */; };
		AAF190A8574D962B997162F9 /* BootstrapSupport.swift in Sources */ = {isa = PBXBuildFile; fileRef = 9CE25530EE07C02B6ED9C249 /* BootstrapSupport.swift */; };
		BA5FDBCE8465CF58C7F9CCF5 /* BootstrapSupportTests.swift in Sources */ = {isa = PBXBuildFile; fileRef = 6507C4D8864B718C3F7CEF9D /* BootstrapSupportTests.swift */; };
/* End PBXBuildFile section */

/* Begin PBXContainerItemProxy section */
		C06066C147D616984F81FD92 /* PBXContainerItemProxy */ = {
			isa = PBXContainerItemProxy;
			containerPortal = D4106BBA2672AB3F9DA74F38 /* Project object */;
			proxyType = 1;
			remoteGlobalIDString = 2299CB2884BEEF9AA816D6F8;
			remoteInfo = Symphony;
		};
/* End PBXContainerItemProxy section */

/* Begin PBXFileReference section */
		6507C4D8864B718C3F7CEF9D /* BootstrapSupportTests.swift */ = {isa = PBXFileReference; lastKnownFileType = sourcecode.swift; path = BootstrapSupportTests.swift; sourceTree = "<group>"; };
		77A53142A3FAEF3A51C08295 /* SymphonyApp.swift */ = {isa = PBXFileReference; lastKnownFileType = sourcecode.swift; path = SymphonyApp.swift; sourceTree = "<group>"; };
		97B3808013853F93DBBD1B9A /* SymphonyTests.xctest */ = {isa = PBXFileReference; includeInIndex = 0; lastKnownFileType = wrapper.cfbundle; path = SymphonyTests.xctest; sourceTree = BUILT_PRODUCTS_DIR; };
		9CE25530EE07C02B6ED9C249 /* BootstrapSupport.swift */ = {isa = PBXFileReference; lastKnownFileType = sourcecode.swift; path = BootstrapSupport.swift; sourceTree = "<group>"; };
		BB3BDD964B47278C650FADD7 /* Symphony.app */ = {isa = PBXFileReference; includeInIndex = 0; lastKnownFileType = wrapper.application; path = Symphony.app; sourceTree = BUILT_PRODUCTS_DIR; };
		D41F51113E5586F70F705846 /* ContentView.swift */ = {isa = PBXFileReference; lastKnownFileType = sourcecode.swift; path = ContentView.swift; sourceTree = "<group>"; };
		FC72EB26FCE346CEC8C6A5F0 /* symphony-swift */ = {isa = PBXFileReference; lastKnownFileType = folder; name = "symphony-swift"; path = .; sourceTree = SOURCE_ROOT; };
/* End PBXFileReference section */

/* Begin PBXGroup section */
		09E819F80D1870A7F25E53C8 /* Applications */ = {
			isa = PBXGroup;
			children = (
				E9EBDE2FA6B8050169009581 /* Symphony */,
				E55126918B907B93F4719E52 /* SymphonyTests */,
			);
			path = Applications;
			sourceTree = "<group>";
		};
		56AB32BCB7F7E06B595D254D = {
			isa = PBXGroup;
			children = (
				09E819F80D1870A7F25E53C8 /* Applications */,
				B6D433E99BA0FDDD859BD595 /* Packages */,
				6706755F3E233C2DFA820A85 /* Products */,
			);
			sourceTree = "<group>";
		};
		6706755F3E233C2DFA820A85 /* Products */ = {
			isa = PBXGroup;
			children = (
				BB3BDD964B47278C650FADD7 /* Symphony.app */,
				97B3808013853F93DBBD1B9A /* SymphonyTests.xctest */,
			);
			name = Products;
			sourceTree = "<group>";
		};
		B6D433E99BA0FDDD859BD595 /* Packages */ = {
			isa = PBXGroup;
			children = (
				FC72EB26FCE346CEC8C6A5F0 /* symphony-swift */,
			);
			name = Packages;
			sourceTree = "<group>";
		};
		E55126918B907B93F4719E52 /* SymphonyTests */ = {
			isa = PBXGroup;
			children = (
				6507C4D8864B718C3F7CEF9D /* BootstrapSupportTests.swift */,
			);
			path = SymphonyTests;
			sourceTree = "<group>";
		};
		E9EBDE2FA6B8050169009581 /* Symphony */ = {
			isa = PBXGroup;
			children = (
				9CE25530EE07C02B6ED9C249 /* BootstrapSupport.swift */,
				D41F51113E5586F70F705846 /* ContentView.swift */,
				77A53142A3FAEF3A51C08295 /* SymphonyApp.swift */,
			);
			path = Symphony;
			sourceTree = "<group>";
		};
/* End PBXGroup section */

/* Begin PBXNativeTarget section */
		13AD461CA49A2003317B8214 /* SymphonyTests */ = {
			isa = PBXNativeTarget;
			buildConfigurationList = 8EA4D53991A8F363EEFB3DB0 /* Build configuration list for PBXNativeTarget "SymphonyTests" */;
			buildPhases = (
				351FB117AD4D9B7412D0C8A2 /* Sources */,
			);
			buildRules = (
			);
			dependencies = (
				F414D936B4DADECD086FAEB0 /* PBXTargetDependency */,
			);
			name = SymphonyTests;
			packageProductDependencies = (
			);
			productName = SymphonyTests;
			productReference = 97B3808013853F93DBBD1B9A /* SymphonyTests.xctest */;
			productType = "com.apple.product-type.bundle.unit-test";
		};
		2299CB2884BEEF9AA816D6F8 /* Symphony */ = {
			isa = PBXNativeTarget;
			buildConfigurationList = D26DD97709F46D95D8A2AFC8 /* Build configuration list for PBXNativeTarget "Symphony" */;
			buildPhases = (
				5B5D61BB6DDE3ADDF81D5FA3 /* Sources */,
			);
			buildRules = (
			);
			dependencies = (
			);
			name = Symphony;
			packageProductDependencies = (
			);
			productName = Symphony;
			productReference = BB3BDD964B47278C650FADD7 /* Symphony.app */;
			productType = "com.apple.product-type.application";
		};
/* End PBXNativeTarget section */

/* Begin PBXProject section */
		D4106BBA2672AB3F9DA74F38 /* Project object */ = {
			isa = PBXProject;
			attributes = {
				BuildIndependentTargetsInParallel = YES;
				LastUpgradeCheck = 1430;
				TargetAttributes = {
					13AD461CA49A2003317B8214 = {
						DevelopmentTeam = "";
					};
					2299CB2884BEEF9AA816D6F8 = {
						DevelopmentTeam = "";
					};
				};
			};
			buildConfigurationList = 01B3C5EB2EB8995477F6F98A /* Build configuration list for PBXProject "SymphonyApps" */;
			developmentRegion = en;
			hasScannedForEncodings = 0;
			knownRegions = (
				Base,
				en,
			);
			mainGroup = 56AB32BCB7F7E06B595D254D;
			minimizedProjectReferenceProxies = 1;
			packageReferences = (
				9B03BAB7ACF57E3F05CE4151 /* XCLocalSwiftPackageReference "." */,
			);
			preferredProjectObjectVersion = 77;
			productRefGroup = 6706755F3E233C2DFA820A85 /* Products */;
			projectDirPath = "";
			projectRoot = "";
			targets = (
				2299CB2884BEEF9AA816D6F8 /* Symphony */,
				13AD461CA49A2003317B8214 /* SymphonyTests */,
			);
		};
/* End PBXProject section */

/* Begin PBXSourcesBuildPhase section */
		351FB117AD4D9B7412D0C8A2 /* Sources */ = {
			isa = PBXSourcesBuildPhase;
			buildActionMask = 2147483647;
			files = (
				BA5FDBCE8465CF58C7F9CCF5 /* BootstrapSupportTests.swift in Sources */,
			);
			runOnlyForDeploymentPostprocessing = 0;
		};
		5B5D61BB6DDE3ADDF81D5FA3 /* Sources */ = {
			isa = PBXSourcesBuildPhase;
			buildActionMask = 2147483647;
			files = (
				AAF190A8574D962B997162F9 /* BootstrapSupport.swift in Sources */,
				49C63D6DD980D48BFD6B485E /* ContentView.swift in Sources */,
				05A08197F3C20C8E521DF417 /* SymphonyApp.swift in Sources */,
			);
			runOnlyForDeploymentPostprocessing = 0;
		};
/* End PBXSourcesBuildPhase section */

/* Begin PBXTargetDependency section */
		F414D936B4DADECD086FAEB0 /* PBXTargetDependency */ = {
			isa = PBXTargetDependency;
			target = 2299CB2884BEEF9AA816D6F8 /* Symphony */;
			targetProxy = C06066C147D616984F81FD92 /* PBXContainerItemProxy */;
		};
/* End PBXTargetDependency section */

/* Begin XCBuildConfiguration section */
		04FFF8D689DCFBCD54BE4906 /* Release */ = {
			isa = XCBuildConfiguration;
			buildSettings = {
				BUNDLE_LOADER = "$(TEST_HOST)";
				COMBINE_HIDPI_IMAGES = YES;
				GENERATE_INFOPLIST_FILE = YES;
				LD_RUNPATH_SEARCH_PATHS = (
					"$(inherited)",
					"@executable_path/../Frameworks",
					"@loader_path/../Frameworks",
				);
				MACOSX_DEPLOYMENT_TARGET = 15.0;
				PRODUCT_BUNDLE_IDENTIFIER = dev.atjsh.symphony.tests;
				PRODUCT_NAME = SymphonyTests;
				SDKROOT = auto;
				SUPPORTED_PLATFORMS = macosx;
				SUPPORTS_MACCATALYST = NO;
				SUPPORTS_MAC_DESIGNED_FOR_IPHONE_IPAD = NO;
				TARGETED_DEVICE_FAMILY = "";
				TEST_HOST = "$(BUILT_PRODUCTS_DIR)/Symphony.app/Contents/MacOS/Symphony";
			};
			name = Release;
		};
		B2AD19EFC74B4BFE83D2808B /* Debug */ = {
			isa = XCBuildConfiguration;
			buildSettings = {
				ALWAYS_SEARCH_USER_PATHS = NO;
				CLANG_ANALYZER_NONNULL = YES;
				CLANG_ANALYZER_NUMBER_OBJECT_CONVERSION = YES_AGGRESSIVE;
				CLANG_CXX_LANGUAGE_STANDARD = "gnu++14";
				CLANG_CXX_LIBRARY = "libc++";
				CLANG_ENABLE_MODULES = YES;
				CLANG_ENABLE_OBJC_ARC = YES;
				CLANG_ENABLE_OBJC_WEAK = YES;
				CLANG_WARN_BLOCK_CAPTURE_AUTORELEASING = YES;
				CLANG_WARN_BOOL_CONVERSION = YES;
				CLANG_WARN_COMMA = YES;
				CLANG_WARN_CONSTANT_CONVERSION = YES;
				CLANG_WARN_DEPRECATED_OBJC_IMPLEMENTATIONS = YES;
				CLANG_WARN_DIRECT_OBJC_ISA_USAGE = YES_ERROR;
				CLANG_WARN_DOCUMENTATION_COMMENTS = YES;
				CLANG_WARN_EMPTY_BODY = YES;
				CLANG_WARN_ENUM_CONVERSION = YES;
				CLANG_WARN_INFINITE_RECURSION = YES;
				CLANG_WARN_INT_CONVERSION = YES;
				CLANG_WARN_NON_LITERAL_NULL_CONVERSION = YES;
				CLANG_WARN_OBJC_IMPLICIT_RETAIN_SELF = YES;
				CLANG_WARN_OBJC_LITERAL_CONVERSION = YES;
				CLANG_WARN_OBJC_ROOT_CLASS = YES_ERROR;
				CLANG_WARN_QUOTED_INCLUDE_IN_FRAMEWORK_HEADER = YES;
				CLANG_WARN_RANGE_LOOP_ANALYSIS = YES;
				CLANG_WARN_STRICT_PROTOTYPES = YES;
				CLANG_WARN_SUSPICIOUS_MOVE = YES;
				CLANG_WARN_UNGUARDED_AVAILABILITY = YES_AGGRESSIVE;
				CLANG_WARN_UNREACHABLE_CODE = YES;
				CLANG_WARN__DUPLICATE_METHOD_MATCH = YES;
				CODE_SIGNING_ALLOWED = NO;
				CODE_SIGNING_REQUIRED = NO;
				COPY_PHASE_STRIP = NO;
				DEBUG_INFORMATION_FORMAT = dwarf;
				DEVELOPMENT_TEAM = "";
				ENABLE_STRICT_OBJC_MSGSEND = YES;
				ENABLE_TESTABILITY = YES;
				GCC_C_LANGUAGE_STANDARD = gnu11;
				GCC_DYNAMIC_NO_PIC = NO;
				GCC_NO_COMMON_BLOCKS = YES;
				GCC_OPTIMIZATION_LEVEL = 0;
				GCC_PREPROCESSOR_DEFINITIONS = (
					"$(inherited)",
					"DEBUG=1",
				);
				GCC_WARN_64_TO_32_BIT_CONVERSION = YES;
				GCC_WARN_ABOUT_RETURN_TYPE = YES_ERROR;
				GCC_WARN_UNDECLARED_SELECTOR = YES;
				GCC_WARN_UNINITIALIZED_AUTOS = YES_AGGRESSIVE;
				GCC_WARN_UNUSED_FUNCTION = YES;
				GCC_WARN_UNUSED_VARIABLE = YES;
				MTL_ENABLE_DEBUG_INFO = INCLUDE_SOURCE;
				MTL_FAST_MATH = YES;
				ONLY_ACTIVE_ARCH = YES;
				PRODUCT_NAME = "$(TARGET_NAME)";
				SDKROOT = auto;
				SWIFT_ACTIVE_COMPILATION_CONDITIONS = DEBUG;
				SWIFT_OPTIMIZATION_LEVEL = "-Onone";
				SWIFT_VERSION = 6.0;
			};
			name = Debug;
		};
		BCCBFC6ED3138D95A760161C /* Release */ = {
			isa = XCBuildConfiguration;
			buildSettings = {
				ALWAYS_SEARCH_USER_PATHS = NO;
				CLANG_ANALYZER_NONNULL = YES;
				CLANG_ANALYZER_NUMBER_OBJECT_CONVERSION = YES_AGGRESSIVE;
				CLANG_CXX_LANGUAGE_STANDARD = "gnu++14";
				CLANG_CXX_LIBRARY = "libc++";
				CLANG_ENABLE_MODULES = YES;
				CLANG_ENABLE_OBJC_ARC = YES;
				CLANG_ENABLE_OBJC_WEAK = YES;
				CLANG_WARN_BLOCK_CAPTURE_AUTORELEASING = YES;
				CLANG_WARN_BOOL_CONVERSION = YES;
				CLANG_WARN_COMMA = YES;
				CLANG_WARN_CONSTANT_CONVERSION = YES;
				CLANG_WARN_DEPRECATED_OBJC_IMPLEMENTATIONS = YES;
				CLANG_WARN_DIRECT_OBJC_ISA_USAGE = YES_ERROR;
				CLANG_WARN_DOCUMENTATION_COMMENTS = YES;
				CLANG_WARN_EMPTY_BODY = YES;
				CLANG_WARN_ENUM_CONVERSION = YES;
				CLANG_WARN_INFINITE_RECURSION = YES;
				CLANG_WARN_INT_CONVERSION = YES;
				CLANG_WARN_NON_LITERAL_NULL_CONVERSION = YES;
				CLANG_WARN_OBJC_IMPLICIT_RETAIN_SELF = YES;
				CLANG_WARN_OBJC_LITERAL_CONVERSION = YES;
				CLANG_WARN_OBJC_ROOT_CLASS = YES_ERROR;
				CLANG_WARN_QUOTED_INCLUDE_IN_FRAMEWORK_HEADER = YES;
				CLANG_WARN_RANGE_LOOP_ANALYSIS = YES;
				CLANG_WARN_STRICT_PROTOTYPES = YES;
				CLANG_WARN_SUSPICIOUS_MOVE = YES;
				CLANG_WARN_UNGUARDED_AVAILABILITY = YES_AGGRESSIVE;
				CLANG_WARN_UNREACHABLE_CODE = YES;
				CLANG_WARN__DUPLICATE_METHOD_MATCH = YES;
				CODE_SIGNING_ALLOWED = NO;
				CODE_SIGNING_REQUIRED = NO;
				COPY_PHASE_STRIP = NO;
				DEBUG_INFORMATION_FORMAT = "dwarf-with-dsym";
				DEVELOPMENT_TEAM = "";
				ENABLE_NS_ASSERTIONS = NO;
				ENABLE_STRICT_OBJC_MSGSEND = YES;
				GCC_C_LANGUAGE_STANDARD = gnu11;
				GCC_NO_COMMON_BLOCKS = YES;
				GCC_WARN_64_TO_32_BIT_CONVERSION = YES;
				GCC_WARN_ABOUT_RETURN_TYPE = YES_ERROR;
				GCC_WARN_UNDECLARED_SELECTOR = YES;
				GCC_WARN_UNINITIALIZED_AUTOS = YES_AGGRESSIVE;
				GCC_WARN_UNUSED_FUNCTION = YES;
				GCC_WARN_UNUSED_VARIABLE = YES;
				MTL_ENABLE_DEBUG_INFO = NO;
				MTL_FAST_MATH = YES;
				PRODUCT_NAME = "$(TARGET_NAME)";
				SDKROOT = auto;
				SWIFT_COMPILATION_MODE = wholemodule;
				SWIFT_OPTIMIZATION_LEVEL = "-O";
				SWIFT_VERSION = 6.0;
			};
			name = Release;
		};
		ED873472B64C28FC9C3B0B28 /* Debug */ = {
			isa = XCBuildConfiguration;
			buildSettings = {
				ASSETCATALOG_COMPILER_APPICON_NAME = AppIcon;
				CODE_SIGN_IDENTITY = "iPhone Developer";
				GENERATE_INFOPLIST_FILE = YES;
				INFOPLIST_KEY_CFBundleDisplayName = Symphony;
				INFOPLIST_KEY_LSApplicationCategoryType = "public.app-category.developer-tools";
				IPHONEOS_DEPLOYMENT_TARGET = 18.0;
				LD_RUNPATH_SEARCH_PATHS = (
					"$(inherited)",
					"@executable_path/Frameworks",
				);
				MACOSX_DEPLOYMENT_TARGET = 15.0;
				PRODUCT_BUNDLE_IDENTIFIER = dev.atjsh.symphony;
				PRODUCT_NAME = Symphony;
				SDKROOT = auto;
				SUPPORTED_PLATFORMS = "iphoneos iphonesimulator macosx";
				SUPPORTS_MACCATALYST = NO;
				SUPPORTS_MAC_DESIGNED_FOR_IPHONE_IPAD = NO;
				SUPPORTS_XR_DESIGNED_FOR_IPHONE_IPAD = YES;
				TARGETED_DEVICE_FAMILY = "1,2";
			};
			name = Debug;
		};
		F29221511996AF509CFF8AD1 /* Debug */ = {
			isa = XCBuildConfiguration;
			buildSettings = {
				BUNDLE_LOADER = "$(TEST_HOST)";
				COMBINE_HIDPI_IMAGES = YES;
				GENERATE_INFOPLIST_FILE = YES;
				LD_RUNPATH_SEARCH_PATHS = (
					"$(inherited)",
					"@executable_path/../Frameworks",
					"@loader_path/../Frameworks",
				);
				MACOSX_DEPLOYMENT_TARGET = 15.0;
				PRODUCT_BUNDLE_IDENTIFIER = dev.atjsh.symphony.tests;
				PRODUCT_NAME = SymphonyTests;
				SDKROOT = auto;
				SUPPORTED_PLATFORMS = macosx;
				SUPPORTS_MACCATALYST = NO;
				SUPPORTS_MAC_DESIGNED_FOR_IPHONE_IPAD = NO;
				TARGETED_DEVICE_FAMILY = "";
				TEST_HOST = "$(BUILT_PRODUCTS_DIR)/Symphony.app/Contents/MacOS/Symphony";
			};
			name = Debug;
		};
		FE9F22B430DBFBEF48104089 /* Release */ = {
			isa = XCBuildConfiguration;
			buildSettings = {
				ASSETCATALOG_COMPILER_APPICON_NAME = AppIcon;
				CODE_SIGN_IDENTITY = "iPhone Developer";
				GENERATE_INFOPLIST_FILE = YES;
				INFOPLIST_KEY_CFBundleDisplayName = Symphony;
				INFOPLIST_KEY_LSApplicationCategoryType = "public.app-category.developer-tools";
				IPHONEOS_DEPLOYMENT_TARGET = 18.0;
				LD_RUNPATH_SEARCH_PATHS = (
					"$(inherited)",
					"@executable_path/Frameworks",
				);
				MACOSX_DEPLOYMENT_TARGET = 15.0;
				PRODUCT_BUNDLE_IDENTIFIER = dev.atjsh.symphony;
				PRODUCT_NAME = Symphony;
				SDKROOT = auto;
				SUPPORTED_PLATFORMS = "iphoneos iphonesimulator macosx";
				SUPPORTS_MACCATALYST = NO;
				SUPPORTS_MAC_DESIGNED_FOR_IPHONE_IPAD = NO;
				SUPPORTS_XR_DESIGNED_FOR_IPHONE_IPAD = YES;
				TARGETED_DEVICE_FAMILY = "1,2";
			};
			name = Release;
		};
/* End XCBuildConfiguration section */

/* Begin XCConfigurationList section */
		01B3C5EB2EB8995477F6F98A /* Build configuration list for PBXProject "SymphonyApps" */ = {
			isa = XCConfigurationList;
			buildConfigurations = (
				B2AD19EFC74B4BFE83D2808B /* Debug */,
				BCCBFC6ED3138D95A760161C /* Release */,
			);
			defaultConfigurationIsVisible = 0;
			defaultConfigurationName = Debug;
		};
		8EA4D53991A8F363EEFB3DB0 /* Build configuration list for PBXNativeTarget "SymphonyTests" */ = {
			isa = XCConfigurationList;
			buildConfigurations = (
				F29221511996AF509CFF8AD1 /* Debug */,
				04FFF8D689DCFBCD54BE4906 /* Release */,
			);
			defaultConfigurationIsVisible = 0;
			defaultConfigurationName = Debug;
		};
		D26DD97709F46D95D8A2AFC8 /* Build configuration list for PBXNativeTarget "Symphony" */ = {
			isa = XCConfigurationList;
			buildConfigurations = (
				ED873472B64C28FC9C3B0B28 /* Debug */,
				FE9F22B430DBFBEF48104089 /* Release */,
			);
			defaultConfigurationIsVisible = 0;
			defaultConfigurationName = Debug;
		};
/* End XCConfigurationList section */

/* Begin XCLocalSwiftPackageReference section */
		9B03BAB7ACF57E3F05CE4151 /* XCLocalSwiftPackageReference "." */ = {
			isa = XCLocalSwiftPackageReference;
			relativePath = .;
		};
/* End XCLocalSwiftPackageReference section */
	};
	rootObject = D4106BBA2672AB3F9DA74F38 /* Project object */;
}
